# -------------------------------------------------------------------------- #
#
# Copyright (C) 1991-2013 Altera Corporation
# Your use of Altera Corporation's design tools, logic functions 
# and other software and tools, and its AMPP partner logic 
# functions, and any output files from any of the foregoing 
# (including device programming or simulation files), and any 
# associated documentation or information are expressly subject 
# to the terms and conditions of the Altera Program License 
# Subscription Agreement, Altera MegaCore Function License 
# Agreement, or other applicable license agreement, including, 
# without limitation, that your use is for the sole purpose of 
# programming logic devices manufactured by Altera and sold by 
# Altera or its authorized distributors.  Please refer to the 
# applicable agreement for further details.
#
# -------------------------------------------------------------------------- #
#
# Quartus II 64-Bit
# Version 13.0.1 Build 232 06/12/2013 Service Pack 1 SJ Full Version
# Date created = 16:39:39  February 20, 2018
#
# -------------------------------------------------------------------------- #
#
# Notes:
#
# 1) The default values for assignments are stored in the file:
#		design_test_assignment_defaults.qdf
#    If this file doesn't exist, see file:
#		assignment_defaults.qdf
#
# 2) Altera recommends that you do not modify this file. This
#    file is updated automatically by the Quartus II software
#    and any changes you make may be lost or overwritten.
#
# -------------------------------------------------------------------------- #


set_global_assignment -name FAMILY "Cyclone III"
set_global_assignment -name DEVICE EP3C16F484C6
set_global_assignment -name TOP_LEVEL_ENTITY design_test_top
set_global_assignment -name ORIGINAL_QUARTUS_VERSION "13.0 SP1"
set_global_assignment -name PROJECT_CREATION_TIME_DATE "16:39:39  FEBRUARY 20, 2018"
set_global_assignment -name LAST_QUARTUS_VERSION "13.0 SP1"
set_global_assignment -name PROJECT_OUTPUT_DIRECTORY output_files
set_global_assignment -name MIN_CORE_JUNCTION_TEMP 0
set_global_assignment -name MAX_CORE_JUNCTION_TEMP 85
set_global_assignment -name ERROR_CHECK_FREQUENCY_DIVISOR 1
set_global_assignment -name NOMINAL_CORE_SUPPLY_VOLTAGE 1.2V
set_global_assignment -name POWER_PRESET_COOLING_SOLUTION "23 MM HEAT SINK WITH 200 LFPM AIRFLOW"
set_global_assignment -name POWER_BOARD_THERMAL_MODEL "NONE (CONSERVATIVE)"
set_global_assignment -name VERILOG_FILE ../design_files/ahfp_pipeline_buffer/ahfp_pipeline_buffer.v
set_global_assignment -name VERILOG_FILE ../design_files/ahfp_add_multi/ahfp_add_multi.v
set_global_assignment -name VERILOG_FILE ../design_files/ahfp_add_sub_multi/ahfp_add_sub_multi.v
set_global_assignment -name VERILOG_FILE ../design_files/ahfp_lzd/ahfp_lzd64.v
set_global_assignment -name VERILOG_FILE ../design_files/ahfp_lzd/ahfp_lzd48.v
set_global_assignment -name VERILOG_FILE ../design_files/ahfp_lzd/ahfp_lzd32.v
set_global_assignment -name VERILOG_FILE ../design_files/ahfp_lzd/ahfp_lzd16.v
set_global_assignment -name VERILOG_FILE ../design_files/ahfp_lzd/ahfp_lzd8.v
set_global_assignment -name VERILOG_FILE ../design_files/ahfp_lzd/ahfp_lzd4.v
set_global_assignment -name VERILOG_FILE ../design_files/ahfp_lzd/ahfp_lzd.v
set_global_assignment -name VERILOG_FILE ../design_files/ahfp_sub_multi/ahfp_sub_multi.v
set_global_assignment -name BDF_FILE design_test_top.bdf
set_global_assignment -name PARTITION_NETLIST_TYPE SOURCE -section_id Top
set_global_assignment -name PARTITION_FITTER_PRESERVATION_LEVEL PLACEMENT_AND_ROUTING -section_id Top
set_global_assignment -name PARTITION_COLOR 16764057 -section_id Top
set_global_assignment -name STRATIX_DEVICE_IO_STANDARD "2.5 V"
set_location_assignment PIN_G21 -to iCLK_50
set_location_assignment PIN_D10 -to DRAM_DQ[0]
set_location_assignment PIN_G10 -to DRAM_DQ[1]
set_location_assignment PIN_A9 -to DRAM_DQ[10]
set_location_assignment PIN_C10 -to DRAM_DQ[11]
set_location_assignment PIN_B10 -to DRAM_DQ[12]
set_location_assignment PIN_A10 -to DRAM_DQ[13]
set_location_assignment PIN_E10 -to DRAM_DQ[14]
set_location_assignment PIN_F10 -to DRAM_DQ[15]
set_location_assignment PIN_H10 -to DRAM_DQ[2]
set_location_assignment PIN_E9 -to DRAM_DQ[3]
set_location_assignment PIN_F9 -to DRAM_DQ[4]
set_location_assignment PIN_G9 -to DRAM_DQ[5]
set_location_assignment PIN_H9 -to DRAM_DQ[6]
set_location_assignment PIN_F8 -to DRAM_DQ[7]
set_location_assignment PIN_A8 -to DRAM_DQ[8]
set_location_assignment PIN_B9 -to DRAM_DQ[9]
set_location_assignment PIN_J1 -to oLEDG[0]
set_location_assignment PIN_J2 -to oLEDG[1]
set_location_assignment PIN_J3 -to oLEDG[2]
set_location_assignment PIN_H1 -to oLEDG[3]
set_location_assignment PIN_F2 -to oLEDG[4]
set_location_assignment PIN_E1 -to oLEDG[5]
set_location_assignment PIN_C1 -to oLEDG[6]
set_location_assignment PIN_C2 -to oLEDG[7]
set_location_assignment PIN_A4 -to oDRAM_BA[1]
set_location_assignment PIN_B5 -to oDRAM_BA[0]
set_location_assignment PIN_G8 -to oDRAM_CAS_N
set_location_assignment PIN_E6 -to oDRAM_CKE
set_location_assignment PIN_E5 -to oDRAM_CLK
set_location_assignment PIN_G7 -to oDRAM_CS_N
set_location_assignment PIN_F7 -to oDRAM_RAS_N
set_location_assignment PIN_D6 -to oDRAM_WE_N
set_location_assignment PIN_C8 -to oDRAM_A[12]
set_location_assignment PIN_A7 -to oDRAM_A[11]
set_location_assignment PIN_B4 -to oDRAM_A[10]
set_location_assignment PIN_B7 -to oDRAM_A[9]
set_location_assignment PIN_C7 -to oDRAM_A[8]
set_location_assignment PIN_A6 -to oDRAM_A[7]
set_location_assignment PIN_B6 -to oDRAM_A[6]
set_location_assignment PIN_C6 -to oDRAM_A[5]
set_location_assignment PIN_A5 -to oDRAM_A[4]
set_location_assignment PIN_C3 -to oDRAM_A[3]
set_location_assignment PIN_B3 -to oDRAM_A[2]
set_location_assignment PIN_A3 -to oDRAM_A[1]
set_location_assignment PIN_C4 -to oDRAM_A[0]
set_location_assignment PIN_B8 -to oDRAM_DQM[1]
set_location_assignment PIN_E7 -to oDRAM_DQM[0]

set_global_assignment -name RESERVE_ALL_UNUSED_PINS "AS OUTPUT DRIVING GROUND"
set_global_assignment -name TIMEQUEST_DO_REPORT_TIMING OFF
set_instance_assignment -name PARTITION_HIERARCHY root_partition -to | -section_id Top